
Microsoft Visual Studio Solution File, Format Version 12.00
# Visual Studio Version 16
VisualStudioVersion = 16.0.31025.194
MinimumVisualStudioVersion = 10.0.40219.1
Project("{FAE04EC0-301F-11D3-BF4B-00C04F79EFBC}") = "DotNetLoginForm_SqlServer", "DotNetLoginForm_SqlServer\DotNetLoginForm_SqlServer.csproj", "{731FBBEB-0EDC-42FE-AB6E-E12842131617}"
EndProject
Global
	GlobalSection(SolutionConfigurationPlatforms) = preSolution
		Debug|Any CPU = Debug|Any CPU
		Release|Any CPU = Release|Any CPU
	EndGlobalSection
	GlobalSection(ProjectConfigurationPlatforms) = postSolution
		{731FBBEB-0EDC-42FE-AB6E-E12842131617}.Debug|Any CPU.ActiveCfg = Debug|Any CPU
		{731FBBEB-0EDC-42FE-AB6E-E12842131617}.Debug|Any CPU.Build.0 = Debug|Any CPU
		{731FBBEB-0EDC-42FE-AB6E-E12842131617}.Release|Any CPU.ActiveCfg = Release|Any CPU
		{731FBBEB-0EDC-42FE-AB6E-E12842131617}.Release|Any CPU.Build.0 = Release|Any CPU
	EndGlobalSection
	GlobalSection(SolutionProperties) = preSolution
		HideSolutionNode = FALSE
	EndGlobalSection
	GlobalSection(ExtensibilityGlobals) = postSolution
		SolutionGuid = {03804E99-6C9E-48C9-ABAB-4896D736B464}
	EndGlobalSection
EndGlobal
